// !$*UTF8*$!
{
	archiveVersion = 1;
	classes = {
	};
	objectVersion = 46;
	objects = {

/* Begin PBXBuildFile section */
		C37FF40A22DE76D599093A3F /* libPods-AnyRiver411.a in Frameworks */ = {isa = PBXBuildFile; fileRef = A20CFF3491AD8BEF03527D47 /* libPods-AnyRiver411.a */; };
		C93950D91A9E3F2B004867CB /* BRCustomCellTwo.m in Sources */ = {isa = PBXBuildFile; fileRef = C93950D81A9E3F2B004867CB /* BRCustomCellTwo.m */; };
		C93950DC1A9E47B1004867CB /* BRDetailsViewController.m in Sources */ = {isa = PBXBuildFile; fileRef = C93950DB1A9E47B1004867CB /* BRDetailsViewController.m */; };
		C93950DF1A9FC547004867CB /* BRDescriptionViewController.m in Sources */ = {isa = PBXBuildFile; fileRef = C93950DE1A9FC547004867CB /* BRDescriptionViewController.m */; };
		C95245F51A8BF79600C0FB99 /* static.json in Resources */ = {isa = PBXBuildFile; fileRef = C95245F41A8BF79600C0FB99 /* static.json */; };
		C95245F81A8D263400C0FB99 /* BRLocationsViewController.m in Sources */ = {isa = PBXBuildFile; fileRef = C95245F71A8D263400C0FB99 /* BRLocationsViewController.m */; };
		C9C93CE61A795D6400AC9B35 /* CoreData.framework in Frameworks */ = {isa = PBXBuildFile; fileRef = C9C93CE51A795D6400AC9B35 /* CoreData.framework */; };
		C9C93CEC1A79715E00AC9B35 /* BRAreasViewController.m in Sources */ = {isa = PBXBuildFile; fileRef = C9C93CEB1A79715E00AC9B35 /* BRAreasViewController.m */; };
		C9CFC9CF1A2FCA2D0027231D /* BRCustomCell.m in Sources */ = {isa = PBXBuildFile; fileRef = C9CFC9CE1A2FCA2D0027231D /* BRCustomCell.m */; };
		C9FACA431A251C0C00E3089D /* main.m in Sources */ = {isa = PBXBuildFile; fileRef = C9FACA421A251C0C00E3089D /* main.m */; };
		C9FACA461A251C0C00E3089D /* AppDelegate.m in Sources */ = {isa = PBXBuildFile; fileRef = C9FACA451A251C0C00E3089D /* AppDelegate.m */; };
		C9FACA491A251C0C00E3089D /* AnyRiver411.xcdatamodeld in Sources */ = {isa = PBXBuildFile; fileRef = C9FACA471A251C0C00E3089D /* AnyRiver411.xcdatamodeld */; };
		C9FACA4C1A251C0C00E3089D /* ViewController.m in Sources */ = {isa = PBXBuildFile; fileRef = C9FACA4B1A251C0C00E3089D /* ViewController.m */; };
		C9FACA4F1A251C0C00E3089D /* Main.storyboard in Resources */ = {isa = PBXBuildFile; fileRef = C9FACA4D1A251C0C00E3089D /* Main.storyboard */; };
		C9FACA511A251C0C00E3089D /* Images.xcassets in Resources */ = {isa = PBXBuildFile; fileRef = C9FACA501A251C0C00E3089D /* Images.xcassets */; };
		C9FACA541A251C0C00E3089D /* LaunchScreen.xib in Resources */ = {isa = PBXBuildFile; fileRef = C9FACA521A251C0C00E3089D /* LaunchScreen.xib */; };
		C9FACA601A251C0C00E3089D /* AnyRiver411Tests.m in Sources */ = {isa = PBXBuildFile; fileRef = C9FACA5F1A251C0C00E3089D /* AnyRiver411Tests.m */; };
		C9FACA6B1A25257000E3089D /* Area.m in Sources */ = {isa = PBXBuildFile; fileRef = C9FACA6A1A25257000E3089D /* Area.m */; };
		C9FACA6E1A25257000E3089D /* Bug.m in Sources */ = {isa = PBXBuildFile; fileRef = C9FACA6D1A25257000E3089D /* Bug.m */; };
		C9FACA711A25257000E3089D /* Location.m in Sources */ = {isa = PBXBuildFile; fileRef = C9FACA701A25257000E3089D /* Location.m */; };
		C9FACA751A25262700E3089D /* LighterFishnet_scalechange.png in Resources */ = {isa = PBXBuildFile; fileRef = C9FACA741A25262700E3089D /* LighterFishnet_scalechange.png */; };
		C9FACA771A25263B00E3089D /* Hole_icon3.png in Resources */ = {isa = PBXBuildFile; fileRef = C9FACA761A25263B00E3089D /* Hole_icon3.png */; };
		C9FACA791A25264700E3089D /* LocationsImage.png in Resources */ = {isa = PBXBuildFile; fileRef = C9FACA781A25264700E3089D /* LocationsImage.png */; };
		C9FACA7B1A25265100E3089D /* Icon_info.png in Resources */ = {isa = PBXBuildFile; fileRef = C9FACA7A1A25265100E3089D /* Icon_info.png */; };
		C9FACA7D1A252D4A00E3089D /* SystemConfiguration.framework in Frameworks */ = {isa = PBXBuildFile; fileRef = C9FACA7C1A252D4A00E3089D /* SystemConfiguration.framework */; };
/* End PBXBuildFile section */

/* Begin PBXContainerItemProxy section */
		C9FACA5A1A251C0C00E3089D /* PBXContainerItemProxy */ = {
			isa = PBXContainerItemProxy;
			containerPortal = C9FACA351A251C0C00E3089D /* Project object */;
			proxyType = 1;
			remoteGlobalIDString = C9FACA3C1A251C0C00E3089D;
			remoteInfo = AnyRiver411;
		};
/* End PBXContainerItemProxy section */

/* Begin PBXFileReference section */
		2C7A41D7E3D60E6FD328F6DF /* Pods-AnyRiver411.debug.xcconfig */ = {isa = PBXFileReference; includeInIndex = 1; lastKnownFileType = text.xcconfig; name = "Pods-AnyRiver411.debug.xcconfig"; path = "Pods/Target Support Files/Pods-AnyRiver411/Pods-AnyRiver411.debug.xcconfig"; sourceTree = "<group>"; };
		A20CFF3491AD8BEF03527D47 /* libPods-AnyRiver411.a */ = {isa = PBXFileReference; explicitFileType = archive.ar; includeInIndex = 0; path = "libPods-AnyRiver411.a"; sourceTree = BUILT_PRODUCTS_DIR; };
		C8D5E4E40D7B212E252BAA48 /* Pods-AnyRiver411.release.xcconfig */ = {isa = PBXFileReference; includeInIndex = 1; lastKnownFileType = text.xcconfig; name = "Pods-AnyRiver411.release.xcconfig"; path = "Pods/Target Support Files/Pods-AnyRiver411/Pods-AnyRiver411.release.xcconfig"; sourceTree = "<group>"; };
		C93950D71A9E3F2B004867CB /* BRCustomCellTwo.h */ = {isa = PBXFileReference; fileEncoding = 4; lastKnownFileType = sourcecode.c.h; path = BRCustomCellTwo.h; sourceTree = "<group>"; };
		C93950D81A9E3F2B004867CB /* BRCustomCellTwo.m */ = {isa = PBXFileReference; fileEncoding = 4; lastKnownFileType = sourcecode.c.objc; path = BRCustomCellTwo.m; sourceTree = "<group>"; };
		C93950DA1A9E47B1004867CB /* BRDetailsViewController.h */ = {isa = PBXFileReference; fileEncoding = 4; lastKnownFileType = sourcecode.c.h; path = BRDetailsViewController.h; sourceTree = "<group>"; };
		C93950DB1A9E47B1004867CB /* BRDetailsViewController.m */ = {isa = PBXFileReference; fileEncoding = 4; lastKnownFileType = sourcecode.c.objc; path = BRDetailsViewController.m; sourceTree = "<group>"; };
		C93950DD1A9FC547004867CB /* BRDescriptionViewController.h */ = {isa = PBXFileReference; fileEncoding = 4; lastKnownFileType = sourcecode.c.h; path = BRDescriptionViewController.h; sourceTree = "<group>"; };
		C93950DE1A9FC547004867CB /* BRDescriptionViewController.m */ = {isa = PBXFileReference; fileEncoding = 4; lastKnownFileType = sourcecode.c.objc; path = BRDescriptionViewController.m; sourceTree = "<group>"; };
		C95245F41A8BF79600C0FB99 /* static.json */ = {isa = PBXFileReference; fileEncoding = 4; lastKnownFileType = text.json; path = static.json; sourceTree = "<group>"; };
		C95245F61A8D263400C0FB99 /* BRLocationsViewController.h */ = {isa = PBXFileReference; fileEncoding = 4; lastKnownFileType = sourcecode.c.h; path = BRLocationsViewController.h; sourceTree = "<group>"; };
		C95245F71A8D263400C0FB99 /* BRLocationsViewController.m */ = {isa = PBXFileReference; fileEncoding = 4; lastKnownFileType = sourcecode.c.objc; path = BRLocationsViewController.m; sourceTree = "<group>"; };
		C9C93CE51A795D6400AC9B35 /* CoreData.framework */ = {isa = PBXFileReference; lastKnownFileType = wrapper.framework; name = CoreData.framework; path = System/Library/Frameworks/CoreData.framework; sourceTree = SDKROOT; };
		C9C93CEA1A79715E00AC9B35 /* BRAreasViewController.h */ = {isa = PBXFileReference; fileEncoding = 4; lastKnownFileType = sourcecode.c.h; path = BRAreasViewController.h; sourceTree = "<group>"; };
		C9C93CEB1A79715E00AC9B35 /* BRAreasViewController.m */ = {isa = PBXFileReference; fileEncoding = 4; lastKnownFileType = sourcecode.c.objc; path = BRAreasViewController.m; sourceTree = "<group>"; };
		C9CFC9CD1A2FCA2D0027231D /* BRCustomCell.h */ = {isa = PBXFileReference; fileEncoding = 4; lastKnownFileType = sourcecode.c.h; path = BRCustomCell.h; sourceTree = "<group>"; };
		C9CFC9CE1A2FCA2D0027231D /* BRCustomCell.m */ = {isa = PBXFileReference; fileEncoding = 4; lastKnownFileType = sourcecode.c.objc; path = BRCustomCell.m; sourceTree = "<group>"; };
		C9FACA3D1A251C0C00E3089D /* AnyRiver411.app */ = {isa = PBXFileReference; explicitFileType = wrapper.application; includeInIndex = 0; path = AnyRiver411.app; sourceTree = BUILT_PRODUCTS_DIR; };
		C9FACA411A251C0C00E3089D /* Info.plist */ = {isa = PBXFileReference; lastKnownFileType = text.plist.xml; path = Info.plist; sourceTree = "<group>"; };
		C9FACA421A251C0C00E3089D /* main.m */ = {isa = PBXFileReference; lastKnownFileType = sourcecode.c.objc; path = main.m; sourceTree = "<group>"; };
		C9FACA441A251C0C00E3089D /* AppDelegate.h */ = {isa = PBXFileReference; lastKnownFileType = sourcecode.c.h; path = AppDelegate.h; sourceTree = "<group>"; };
		C9FACA451A251C0C00E3089D /* AppDelegate.m */ = {isa = PBXFileReference; lastKnownFileType = sourcecode.c.objc; path = AppDelegate.m; sourceTree = "<group>"; };
		C9FACA481A251C0C00E3089D /* AnyRiver411.xcdatamodel */ = {isa = PBXFileReference; lastKnownFileType = wrapper.xcdatamodel; path = AnyRiver411.xcdatamodel; sourceTree = "<group>"; };
		C9FACA4A1A251C0C00E3089D /* ViewController.h */ = {isa = PBXFileReference; lastKnownFileType = sourcecode.c.h; path = ViewController.h; sourceTree = "<group>"; };
		C9FACA4B1A251C0C00E3089D /* ViewController.m */ = {isa = PBXFileReference; lastKnownFileType = sourcecode.c.objc; path = ViewController.m; sourceTree = "<group>"; };
		C9FACA4E1A251C0C00E3089D /* Base */ = {isa = PBXFileReference; lastKnownFileType = file.storyboard; name = Base; path = Base.lproj/Main.storyboard; sourceTree = "<group>"; };
		C9FACA501A251C0C00E3089D /* Images.xcassets */ = {isa = PBXFileReference; lastKnownFileType = folder.assetcatalog; path = Images.xcassets; sourceTree = "<group>"; };
		C9FACA531A251C0C00E3089D /* Base */ = {isa = PBXFileReference; lastKnownFileType = file.xib; name = Base; path = Base.lproj/LaunchScreen.xib; sourceTree = "<group>"; };
		C9FACA591A251C0C00E3089D /* AnyRiver411Tests.xctest */ = {isa = PBXFileReference; explicitFileType = wrapper.cfbundle; includeInIndex = 0; path = AnyRiver411Tests.xctest; sourceTree = BUILT_PRODUCTS_DIR; };
		C9FACA5E1A251C0C00E3089D /* Info.plist */ = {isa = PBXFileReference; lastKnownFileType = text.plist.xml; path = Info.plist; sourceTree = "<group>"; };
		C9FACA5F1A251C0C00E3089D /* AnyRiver411Tests.m */ = {isa = PBXFileReference; lastKnownFileType = sourcecode.c.objc; path = AnyRiver411Tests.m; sourceTree = "<group>"; };
		C9FACA691A25257000E3089D /* Area.h */ = {isa = PBXFileReference; fileEncoding = 4; lastKnownFileType = sourcecode.c.h; path = Area.h; sourceTree = "<group>"; };
		C9FACA6A1A25257000E3089D /* Area.m */ = {isa = PBXFileReference; fileEncoding = 4; lastKnownFileType = sourcecode.c.objc; path = Area.m; sourceTree = "<group>"; };
		C9FACA6C1A25257000E3089D /* Bug.h */ = {isa = PBXFileReference; fileEncoding = 4; lastKnownFileType = sourcecode.c.h; path = Bug.h; sourceTree = "<group>"; };
		C9FACA6D1A25257000E3089D /* Bug.m */ = {isa = PBXFileReference; fileEncoding = 4; lastKnownFileType = sourcecode.c.objc; path = Bug.m; sourceTree = "<group>"; };
		C9FACA6F1A25257000E3089D /* Location.h */ = {isa = PBXFileReference; fileEncoding = 4; lastKnownFileType = sourcecode.c.h; path = Location.h; sourceTree = "<group>"; };
		C9FACA701A25257000E3089D /* Location.m */ = {isa = PBXFileReference; fileEncoding = 4; lastKnownFileType = sourcecode.c.objc; path = Location.m; sourceTree = "<group>"; };
		C9FACA741A25262700E3089D /* LighterFishnet_scalechange.png */ = {isa = PBXFileReference; lastKnownFileType = image.png; path = LighterFishnet_scalechange.png; sourceTree = "<group>"; };
		C9FACA761A25263B00E3089D /* Hole_icon3.png */ = {isa = PBXFileReference; lastKnownFileType = image.png; path = Hole_icon3.png; sourceTree = "<group>"; };
		C9FACA781A25264700E3089D /* LocationsImage.png */ = {isa = PBXFileReference; lastKnownFileType = image.png; path = LocationsImage.png; sourceTree = "<group>"; };
		C9FACA7A1A25265100E3089D /* Icon_info.png */ = {isa = PBXFileReference; lastKnownFileType = image.png; path = Icon_info.png; sourceTree = "<group>"; };
		C9FACA7C1A252D4A00E3089D /* SystemConfiguration.framework */ = {isa = PBXFileReference; lastKnownFileType = wrapper.framework; name = SystemConfiguration.framework; path = System/Library/Frameworks/SystemConfiguration.framework; sourceTree = SDKROOT; };
		C9FACA7E1A252E9A00E3089D /* Reachability.h */ = {isa = PBXFileReference; lastKnownFileType = sourcecode.c.h; path = Reachability.h; sourceTree = "<group>"; };
/* End PBXFileReference section */

/* Begin PBXFrameworksBuildPhase section */
		C9FACA3A1A251C0C00E3089D /* Frameworks */ = {
			isa = PBXFrameworksBuildPhase;
			buildActionMask = 2147483647;
			files = (
				C9C93CE61A795D6400AC9B35 /* CoreData.framework in Frameworks */,
				C9FACA7D1A252D4A00E3089D /* SystemConfiguration.framework in Frameworks */,
				C37FF40A22DE76D599093A3F /* libPods-AnyRiver411.a in Frameworks */,
			);
			runOnlyForDeploymentPostprocessing = 0;
		};
		C9FACA561A251C0C00E3089D /* Frameworks */ = {
			isa = PBXFrameworksBuildPhase;
			buildActionMask = 2147483647;
			files = (
			);
			runOnlyForDeploymentPostprocessing = 0;
		};
/* End PBXFrameworksBuildPhase section */

/* Begin PBXGroup section */
		932C2C59A8D153A1D0EBF502 /* Frameworks */ = {
			isa = PBXGroup;
			children = (
				C9C93CE51A795D6400AC9B35 /* CoreData.framework */,
				C9FACA7C1A252D4A00E3089D /* SystemConfiguration.framework */,
				A20CFF3491AD8BEF03527D47 /* libPods-AnyRiver411.a */,
			);
			name = Frameworks;
			sourceTree = "<group>";
		};
		C9CFC9B91A2FC3C30027231D /* Core Data Models */ = {
			isa = PBXGroup;
			children = (
				C9FACA471A251C0C00E3089D /* AnyRiver411.xcdatamodeld */,
				C9FACA6F1A25257000E3089D /* Location.h */,
				C9FACA701A25257000E3089D /* Location.m */,
				C9FACA6C1A25257000E3089D /* Bug.h */,
				C9FACA6D1A25257000E3089D /* Bug.m */,
				C9FACA691A25257000E3089D /* Area.h */,
				C9FACA6A1A25257000E3089D /* Area.m */,
			);
			name = "Core Data Models";
			sourceTree = "<group>";
		};
		C9CFC9BA1A2FC3FE0027231D /* View Controllers */ = {
			isa = PBXGroup;
			children = (
				C9FACA4A1A251C0C00E3089D /* ViewController.h */,
				C9FACA4B1A251C0C00E3089D /* ViewController.m */,
				C9CFC9CD1A2FCA2D0027231D /* BRCustomCell.h */,
				C9CFC9CE1A2FCA2D0027231D /* BRCustomCell.m */,
				C93950D71A9E3F2B004867CB /* BRCustomCellTwo.h */,
				C93950D81A9E3F2B004867CB /* BRCustomCellTwo.m */,
				C9C93CEA1A79715E00AC9B35 /* BRAreasViewController.h */,
				C9C93CEB1A79715E00AC9B35 /* BRAreasViewController.m */,
				C95245F61A8D263400C0FB99 /* BRLocationsViewController.h */,
				C95245F71A8D263400C0FB99 /* BRLocationsViewController.m */,
				C93950DA1A9E47B1004867CB /* BRDetailsViewController.h */,
				C93950DB1A9E47B1004867CB /* BRDetailsViewController.m */,
				C93950DD1A9FC547004867CB /* BRDescriptionViewController.h */,
				C93950DE1A9FC547004867CB /* BRDescriptionViewController.m */,
			);
			name = "View Controllers";
			sourceTree = "<group>";
		};
		C9FACA341A251C0C00E3089D = {
			isa = PBXGroup;
			children = (
				C9FACA3F1A251C0C00E3089D /* AnyRiver411 */,
				C9FACA5C1A251C0C00E3089D /* AnyRiver411Tests */,
				C9FACA3E1A251C0C00E3089D /* Products */,
				D841825688272A03F26E2632 /* Pods */,
				932C2C59A8D153A1D0EBF502 /* Frameworks */,
			);
			sourceTree = "<group>";
		};
		C9FACA3E1A251C0C00E3089D /* Products */ = {
			isa = PBXGroup;
			children = (
				C9FACA3D1A251C0C00E3089D /* AnyRiver411.app */,
				C9FACA591A251C0C00E3089D /* AnyRiver411Tests.xctest */,
			);
			name = Products;
			sourceTree = "<group>";
		};
		C9FACA3F1A251C0C00E3089D /* AnyRiver411 */ = {
			isa = PBXGroup;
			children = (
				C9FACA4D1A251C0C00E3089D /* Main.storyboard */,
				C9FACA441A251C0C00E3089D /* AppDelegate.h */,
				C9FACA451A251C0C00E3089D /* AppDelegate.m */,
				C9CFC9BA1A2FC3FE0027231D /* View Controllers */,
				C9CFC9B91A2FC3C30027231D /* Core Data Models */,
				C9FACA501A251C0C00E3089D /* Images.xcassets */,
				C9FACA521A251C0C00E3089D /* LaunchScreen.xib */,
				C9FACA401A251C0C00E3089D /* Supporting Files */,
			);
			path = AnyRiver411;
			sourceTree = "<group>";
		};
		C9FACA401A251C0C00E3089D /* Supporting Files */ = {
			isa = PBXGroup;
			children = (
				C95245F41A8BF79600C0FB99 /* static.json */,
				C9FACA7E1A252E9A00E3089D /* Reachability.h */,
				C9FACA731A25260300E3089D /* images */,
				C9FACA411A251C0C00E3089D /* Info.plist */,
				C9FACA421A251C0C00E3089D /* main.m */,
			);
			name = "Supporting Files";
			sourceTree = "<group>";
		};
		C9FACA5C1A251C0C00E3089D /* AnyRiver411Tests */ = {
			isa = PBXGroup;
			children = (
				C9FACA5F1A251C0C00E3089D /* AnyRiver411Tests.m */,
				C9FACA5D1A251C0C00E3089D /* Supporting Files */,
			);
			path = AnyRiver411Tests;
			sourceTree = "<group>";
		};
		C9FACA5D1A251C0C00E3089D /* Supporting Files */ = {
			isa = PBXGroup;
			children = (
				C9FACA5E1A251C0C00E3089D /* Info.plist */,
			);
			name = "Supporting Files";
			sourceTree = "<group>";
		};
		C9FACA731A25260300E3089D /* images */ = {
			isa = PBXGroup;
			children = (
				C9FACA761A25263B00E3089D /* Hole_icon3.png */,
				C9FACA741A25262700E3089D /* LighterFishnet_scalechange.png */,
				C9FACA781A25264700E3089D /* LocationsImage.png */,
				C9FACA7A1A25265100E3089D /* Icon_info.png */,
			);
			name = images;
			sourceTree = "<group>";
		};
		D841825688272A03F26E2632 /* Pods */ = {
			isa = PBXGroup;
			children = (
				2C7A41D7E3D60E6FD328F6DF /* Pods-AnyRiver411.debug.xcconfig */,
				C8D5E4E40D7B212E252BAA48 /* Pods-AnyRiver411.release.xcconfig */,
			);
			name = Pods;
			sourceTree = "<group>";
		};
/* End PBXGroup section */

/* Begin PBXNativeTarget section */
		C9FACA3C1A251C0C00E3089D /* AnyRiver411 */ = {
			isa = PBXNativeTarget;
			buildConfigurationList = C9FACA631A251C0C00E3089D /* Build configuration list for PBXNativeTarget "AnyRiver411" */;
			buildPhases = (
				E697AF4BA4F4806F9BCFA006 /* Check Pods Manifest.lock */,
				C9FACA391A251C0C00E3089D /* Sources */,
				C9FACA3A1A251C0C00E3089D /* Frameworks */,
				C9FACA3B1A251C0C00E3089D /* Resources */,
				59528CD3B6F86499242BDE9E /* Copy Pods Resources */,
			);
			buildRules = (
			);
			dependencies = (
			);
			name = AnyRiver411;
			productName = AnyRiver411;
			productReference = C9FACA3D1A251C0C00E3089D /* AnyRiver411.app */;
			productType = "com.apple.product-type.application";
		};
		C9FACA581A251C0C00E3089D /* AnyRiver411Tests */ = {
			isa = PBXNativeTarget;
			buildConfigurationList = C9FACA661A251C0C00E3089D /* Build configuration list for PBXNativeTarget "AnyRiver411Tests" */;
			buildPhases = (
				C9FACA551A251C0C00E3089D /* Sources */,
				C9FACA561A251C0C00E3089D /* Frameworks */,
				C9FACA571A251C0C00E3089D /* Resources */,
			);
			buildRules = (
			);
			dependencies = (
				C9FACA5B1A251C0C00E3089D /* PBXTargetDependency */,
			);
			name = AnyRiver411Tests;
			productName = AnyRiver411Tests;
			productReference = C9FACA591A251C0C00E3089D /* AnyRiver411Tests.xctest */;
			productType = "com.apple.product-type.bundle.unit-test";
		};
/* End PBXNativeTarget section */

/* Begin PBXProject section */
		C9FACA351A251C0C00E3089D /* Project object */ = {
			isa = PBXProject;
			attributes = {
				LastUpgradeCheck = 0610;
				ORGANIZATIONNAME = "Ben Russell";
				TargetAttributes = {
					C9FACA3C1A251C0C00E3089D = {
						CreatedOnToolsVersion = 6.1;
					};
					C9FACA581A251C0C00E3089D = {
						CreatedOnToolsVersion = 6.1;
						TestTargetID = C9FACA3C1A251C0C00E3089D;
					};
				};
			};
			buildConfigurationList = C9FACA381A251C0C00E3089D /* Build configuration list for PBXProject "AnyRiver411" */;
			compatibilityVersion = "Xcode 3.2";
			developmentRegion = English;
			hasScannedForEncodings = 0;
			knownRegions = (
				en,
				Base,
			);
			mainGroup = C9FACA341A251C0C00E3089D;
			productRefGroup = C9FACA3E1A251C0C00E3089D /* Products */;
			projectDirPath = "";
			projectRoot = "";
			targets = (
				C9FACA3C1A251C0C00E3089D /* AnyRiver411 */,
				C9FACA581A251C0C00E3089D /* AnyRiver411Tests */,
			);
		};
/* End PBXProject section */

/* Begin PBXResourcesBuildPhase section */
		C9FACA3B1A251C0C00E3089D /* Resources */ = {
			isa = PBXResourcesBuildPhase;
			buildActionMask = 2147483647;
			files = (
				C9FACA7B1A25265100E3089D /* Icon_info.png in Resources */,
				C9FACA791A25264700E3089D /* LocationsImage.png in Resources */,
				C9FACA4F1A251C0C00E3089D /* Main.storyboard in Resources */,
				C95245F51A8BF79600C0FB99 /* static.json in Resources */,
				C9FACA541A251C0C00E3089D /* LaunchScreen.xib in Resources */,
				C9FACA771A25263B00E3089D /* Hole_icon3.png in Resources */,
				C9FACA751A25262700E3089D /* LighterFishnet_scalechange.png in Resources */,
				C9FACA511A251C0C00E3089D /* Images.xcassets in Resources */,
			);
			runOnlyForDeploymentPostprocessing = 0;
		};
		C9FACA571A251C0C00E3089D /* Resources */ = {
			isa = PBXResourcesBuildPhase;
			buildActionMask = 2147483647;
			files = (
			);
			runOnlyForDeploymentPostprocessing = 0;
		};
/* End PBXResourcesBuildPhase section */

/* Begin PBXShellScriptBuildPhase section */
		59528CD3B6F86499242BDE9E /* Copy Pods Resources */ = {
			isa = PBXShellScriptBuildPhase;
			buildActionMask = 2147483647;
			files = (
			);
			inputPaths = (
			);
			name = "Copy Pods Resources";
			outputPaths = (
			);
			runOnlyForDeploymentPostprocessing = 0;
			shellPath = /bin/sh;
			shellScript = "\"${SRCROOT}/Pods/Target Support Files/Pods-AnyRiver411/Pods-AnyRiver411-resources.sh\"\n";
			showEnvVarsInLog = 0;
		};
		E697AF4BA4F4806F9BCFA006 /* Check Pods Manifest.lock */ = {
			isa = PBXShellScriptBuildPhase;
			buildActionMask = 2147483647;
			files = (
			);
			inputPaths = (
			);
			name = "Check Pods Manifest.lock";
			outputPaths = (
			);
			runOnlyForDeploymentPostprocessing = 0;
			shellPath = /bin/sh;
			shellScript = "diff \"${PODS_ROOT}/../Podfile.lock\" \"${PODS_ROOT}/Manifest.lock\" > /dev/null\nif [[ $? != 0 ]] ; then\n    cat << EOM\nerror: The sandbox is not in sync with the Podfile.lock. Run 'pod install' or update your CocoaPods installation.\nEOM\n    exit 1\nfi\n";
			showEnvVarsInLog = 0;
		};
/* End PBXShellScriptBuildPhase section */

/* Begin PBXSourcesBuildPhase section */
		C9FACA391A251C0C00E3089D /* Sources */ = {
			isa = PBXSourcesBuildPhase;
			buildActionMask = 2147483647;
			files = (
				C93950D91A9E3F2B004867CB /* BRCustomCellTwo.m in Sources */,
				C9FACA6E1A25257000E3089D /* Bug.m in Sources */,
				C9FACA711A25257000E3089D /* Location.m in Sources */,
				C9FACA6B1A25257000E3089D /* Area.m in Sources */,
				C9FACA491A251C0C00E3089D /* AnyRiver411.xcdatamodeld in Sources */,
				C93950DC1A9E47B1004867CB /* BRDetailsViewController.m in Sources */,
				C93950DF1A9FC547004867CB /* BRDescriptionViewController.m in Sources */,
				C9CFC9CF1A2FCA2D0027231D /* BRCustomCell.m in Sources */,
				C9FACA461A251C0C00E3089D /* AppDelegate.m in Sources */,
				C9FACA4C1A251C0C00E3089D /* ViewController.m in Sources */,
				C9C93CEC1A79715E00AC9B35 /* BRAreasViewController.m in Sources */,
				C9FACA431A251C0C00E3089D /* main.m in Sources */,
				C95245F81A8D263400C0FB99 /* BRLocationsViewController.m in Sources */,
			);
			runOnlyForDeploymentPostprocessing = 0;
		};
		C9FACA551A251C0C00E3089D /* Sources */ = {
			isa = PBXSourcesBuildPhase;
			buildActionMask = 2147483647;
			files = (
				C9FACA601A251C0C00E3089D /* AnyRiver411Tests.m in Sources */,
			);
			runOnlyForDeploymentPostprocessing = 0;
		};
/* End PBXSourcesBuildPhase section */

/* Begin PBXTargetDependency section */
		C9FACA5B1A251C0C00E3089D /* PBXTargetDependency */ = {
			isa = PBXTargetDependency;
			target = C9FACA3C1A251C0C00E3089D /* AnyRiver411 */;
			targetProxy = C9FACA5A1A251C0C00E3089D /* PBXContainerItemProxy */;
		};
/* End PBXTargetDependency section */

/* Begin PBXVariantGroup section */
		C9FACA4D1A251C0C00E3089D /* Main.storyboard */ = {
			isa = PBXVariantGroup;
			children = (
				C9FACA4E1A251C0C00E3089D /* Base */,
			);
			name = Main.storyboard;
			sourceTree = "<group>";
		};
		C9FACA521A251C0C00E3089D /* LaunchScreen.xib */ = {
			isa = PBXVariantGroup;
			children = (
				C9FACA531A251C0C00E3089D /* Base */,
			);
			name = LaunchScreen.xib;
			sourceTree = "<group>";
		};
/* End PBXVariantGroup section */

/* Begin XCBuildConfiguration section */
		C9FACA611A251C0C00E3089D /* Debug */ = {
			isa = XCBuildConfiguration;
			buildSettings = {
				ALWAYS_SEARCH_USER_PATHS = NO;
				CLANG_CXX_LANGUAGE_STANDARD = "gnu++0x";
				CLANG_CXX_LIBRARY = "libc++";
				CLANG_ENABLE_MODULES = YES;
				CLANG_ENABLE_OBJC_ARC = YES;
				CLANG_WARN_BOOL_CONVERSION = YES;
				CLANG_WARN_CONSTANT_CONVERSION = YES;
				CLANG_WARN_DIRECT_OBJC_ISA_USAGE = YES_ERROR;
				CLANG_WARN_EMPTY_BODY = YES;
				CLANG_WARN_ENUM_CONVERSION = YES;
				CLANG_WARN_INT_CONVERSION = YES;
				CLANG_WARN_OBJC_ROOT_CLASS = YES_ERROR;
				CLANG_WARN_UNREACHABLE_CODE = YES;
				CLANG_WARN__DUPLICATE_METHOD_MATCH = YES;
				"CODE_SIGN_IDENTITY[sdk=iphoneos*]" = "iPhone Developer";
				COPY_PHASE_STRIP = NO;
				ENABLE_STRICT_OBJC_MSGSEND = YES;
				GCC_C_LANGUAGE_STANDARD = gnu99;
				GCC_DYNAMIC_NO_PIC = NO;
				GCC_OPTIMIZATION_LEVEL = 0;
				GCC_PREPROCESSOR_DEFINITIONS = (
					"DEBUG=1",
					"$(inherited)",
				);
				GCC_SYMBOLS_PRIVATE_EXTERN = NO;
				GCC_WARN_64_TO_32_BIT_CONVERSION = YES;
				GCC_WARN_ABOUT_RETURN_TYPE = YES_ERROR;
				GCC_WARN_UNDECLARED_SELECTOR = YES;
				GCC_WARN_UNINITIALIZED_AUTOS = YES_AGGRESSIVE;
				GCC_WARN_UNUSED_FUNCTION = YES;
				GCC_WARN_UNUSED_VARIABLE = YES;
				IPHONEOS_DEPLOYMENT_TARGET = 8.1;
				MTL_ENABLE_DEBUG_INFO = YES;
				ONLY_ACTIVE_ARCH = YES;
				SDKROOT = iphoneos;
			};
			name = Debug;
		};
		C9FACA621A251C0C00E3089D /* Release */ = {
			isa = XCBuildConfiguration;
			buildSettings = {
				ALWAYS_SEARCH_USER_PATHS = NO;
				CLANG_CXX_LANGUAGE_STANDARD = "gnu++0x";
				CLANG_CXX_LIBRARY = "libc++";
				CLANG_ENABLE_MODULES = YES;
				CLANG_ENABLE_OBJC_ARC = YES;
				CLANG_WARN_BOOL_CONVERSION = YES;
				CLANG_WARN_CONSTANT_CONVERSION = YES;
				CLANG_WARN_DIRECT_OBJC_ISA_USAGE = YES_ERROR;
				CLANG_WARN_EMPTY_BODY = YES;
				CLANG_WARN_ENUM_CONVERSION = YES;
				CLANG_WARN_INT_CONVERSION = YES;
				CLANG_WARN_OBJC_ROOT_CLASS = YES_ERROR;
				CLANG_WARN_UNREACHABLE_CODE = YES;
				CLANG_WARN__DUPLICATE_METHOD_MATCH = YES;
				"CODE_SIGN_IDENTITY[sdk=iphoneos*]" = "iPhone Developer";
				COPY_PHASE_STRIP = YES;
				ENABLE_NS_ASSERTIONS = NO;
				ENABLE_STRICT_OBJC_MSGSEND = YES;
				GCC_C_LANGUAGE_STANDARD = gnu99;
				GCC_WARN_64_TO_32_BIT_CONVERSION = YES;
				GCC_WARN_ABOUT_RETURN_TYPE = YES_ERROR;
				GCC_WARN_UNDECLARED_SELECTOR = YES;
				GCC_WARN_UNINITIALIZED_AUTOS = YES_AGGRESSIVE;
				GCC_WARN_UNUSED_FUNCTION = YES;
				GCC_WARN_UNUSED_VARIABLE = YES;
				IPHONEOS_DEPLOYMENT_TARGET = 8.1;
				MTL_ENABLE_DEBUG_INFO = NO;
				SDKROOT = iphoneos;
				VALIDATE_PRODUCT = YES;
			};
			name = Release;
		};
		C9FACA641A251C0C00E3089D /* Debug */ = {
			isa = XCBuildConfiguration;
			baseConfigurationReference = 2C7A41D7E3D60E6FD328F6DF /* Pods-AnyRiver411.debug.xcconfig */;
			buildSettings = {
				ASSETCATALOG_COMPILER_APPICON_NAME = AppIcon;
				INFOPLIST_FILE = AnyRiver411/Info.plist;
				LD_RUNPATH_SEARCH_PATHS = "$(inherited) @executable_path/Frameworks";
				PRODUCT_NAME = "$(TARGET_NAME)";
			};
			name = Debug;
		};
		C9FACA651A251C0C00E3089D /* Release */ = {
			isa = XCBuildConfiguration;
			baseConfigurationReference = C8D5E4E40D7B212E252BAA48 /* Pods-AnyRiver411.release.xcconfig */;
			buildSettings = {
				ASSETCATALOG_COMPILER_APPICON_NAME = AppIcon;
				INFOPLIST_FILE = AnyRiver411/Info.plist;
				LD_RUNPATH_SEARCH_PATHS = "$(inherited) @executable_path/Frameworks";
				PRODUCT_NAME = "$(TARGET_NAME)";
			};
			name = Release;
		};
		C9FACA671A251C0C00E3089D /* Debug */ = {
			isa = XCBuildConfiguration;
			buildSettings = {
				BUNDLE_LOADER = "$(TEST_HOST)";
				FRAMEWORK_SEARCH_PATHS = (
					"$(SDKROOT)/Developer/Library/Frameworks",
					"$(inherited)",
				);
				GCC_PREPROCESSOR_DEFINITIONS = (
					"DEBUG=1",
					"$(inherited)",
				);
				INFOPLIST_FILE = AnyRiver411Tests/Info.plist;
				LD_RUNPATH_SEARCH_PATHS = "$(inherited) @executable_path/Frameworks @loader_path/Frameworks";
				PRODUCT_NAME = "$(TARGET_NAME)";
				TEST_HOST = "$(BUILT_PRODUCTS_DIR)/AnyRiver411.app/AnyRiver411";
			};
			name = Debug;
		};
		C9FACA681A251C0C00E3089D /* Release */ = {
			isa = XCBuildConfiguration;
			buildSettings = {
				BUNDLE_LOADER = "$(TEST_HOST)";
				FRAMEWORK_SEARCH_PATHS = (
					"$(SDKROOT)/Developer/Library/Frameworks",
					"$(inherited)",
				);
				INFOPLIST_FILE = AnyRiver411Tests/Info.plist;
				LD_RUNPATH_SEARCH_PATHS = "$(inherited) @executable_path/Frameworks @loader_path/Frameworks";
				PRODUCT_NAME = "$(TARGET_NAME)";
				TEST_HOST = "$(BUILT_PRODUCTS_DIR)/AnyRiver411.app/AnyRiver411";
			};
			name = Release;
		};
/* End XCBuildConfiguration section */

/* Begin XCConfigurationList section */
		C9FACA381A251C0C00E3089D /* Build configuration list for PBXProject "AnyRiver411" */ = {
			isa = XCConfigurationList;
			buildConfigurations = (
				C9FACA611A251C0C00E3089D /* Debug */,
				C9FACA621A251C0C00E3089D /* Release */,
			);
			defaultConfigurationIsVisible = 0;
			defaultConfigurationName = Release;
		};
		C9FACA631A251C0C00E3089D /* Build configuration list for PBXNativeTarget "AnyRiver411" */ = {
			isa = XCConfigurationList;
			buildConfigurations = (
				C9FACA641A251C0C00E3089D /* Debug */,
				C9FACA651A251C0C00E3089D /* Release */,
			);
			defaultConfigurationIsVisible = 0;
			defaultConfigurationName = Release;
		};
		C9FACA661A251C0C00E3089D /* Build configuration list for PBXNativeTarget "AnyRiver411Tests" */ = {
			isa = XCConfigurationList;
			buildConfigurations = (
				C9FACA671A251C0C00E3089D /* Debug */,
				C9FACA681A251C0C00E3089D /* Release */,
			);
			defaultConfigurationIsVisible = 0;
			defaultConfigurationName = Release;
		};
/* End XCConfigurationList section */

/* Begin XCVersionGroup section */
		C9FACA471A251C0C00E3089D /* AnyRiver411.xcdatamodeld */ = {
			isa = XCVersionGroup;
			children = (
				C9FACA481A251C0C00E3089D /* AnyRiver411.xcdatamodel */,
			);
			currentVersion = C9FACA481A251C0C00E3089D /* AnyRiver411.xcdatamodel */;
			path = AnyRiver411.xcdatamodeld;
			sourceTree = "<group>";
			versionGroupType = wrapper.xcdatamodel;
		};
/* End XCVersionGroup section */
	};
	rootObject = C9FACA351A251C0C00E3089D /* Project object */;
}
